
Microsoft Visual Studio Solution File, Format Version 12.00
# Visual Studio 14
VisualStudioVersion = 14.0.23107.0
MinimumVisualStudioVersion = 10.0.40219.1
Project("{FAE04EC0-301F-11D3-BF4B-00C04F79EFBC}") = "RayTracingProject", "RayTracingProject\RayTracingProject.csproj", "{DC5D263A-809F-4F27-BC46-353EF63B2CFA}"
EndProject
Global
	GlobalSection(SolutionConfigurationPlatforms) = preSolution
		Debug|Any CPU = Debug|Any CPU
		Release|Any CPU = Release|Any CPU
	EndGlobalSection
	GlobalSection(ProjectConfigurationPlatforms) = postSolution
		{DC5D263A-809F-4F27-BC46-353EF63B2CFA}.Debug|Any CPU.ActiveCfg = Debug|Any CPU
		{DC5D263A-809F-4F27-BC46-353EF63B2CFA}.Debug|Any CPU.Build.0 = Debug|Any CPU
		{DC5D263A-809F-4F27-BC46-353EF63B2CFA}.Release|Any CPU.ActiveCfg = Release|Any CPU
		{DC5D263A-809F-4F27-BC46-353EF63B2CFA}.Release|Any CPU.Build.0 = Release|Any CPU
	EndGlobalSection
	GlobalSection(SolutionProperties) = preSolution
		HideSolutionNode = FALSE
	EndGlobalSection
EndGlobal
